
Microsoft Visual Studio Solution File, Format Version 12.00
# Visual Studio Version 16
VisualStudioVersion = 16.0.32106.194
MinimumVisualStudioVersion = 10.0.40219.1
Project("{FAE04EC0-301F-11D3-BF4B-00C04F79EFBC}") = "MvcApiCrudDepartamentos", "MvcApiCrudDepartamentos\MvcApiCrudDepartamentos.csproj", "{C100332D-EF85-40F8-A6EC-68EA6A721895}"
EndProject
Global
	GlobalSection(SolutionConfigurationPlatforms) = preSolution
		Debug|Any CPU = Debug|Any CPU
		Release|Any CPU = Release|Any CPU
	EndGlobalSection
	GlobalSection(ProjectConfigurationPlatforms) = postSolution
		{C100332D-EF85-40F8-A6EC-68EA6A721895}.Debug|Any CPU.ActiveCfg = Debug|Any CPU
		{C100332D-EF85-40F8-A6EC-68EA6A721895}.Debug|Any CPU.Build.0 = Debug|Any CPU
		{C100332D-EF85-40F8-A6EC-68EA6A721895}.Release|Any CPU.ActiveCfg = Release|Any CPU
		{C100332D-EF85-40F8-A6EC-68EA6A721895}.Release|Any CPU.Build.0 = Release|Any CPU
	EndGlobalSection
	GlobalSection(SolutionProperties) = preSolution
		HideSolutionNode = FALSE
	EndGlobalSection
	GlobalSection(ExtensibilityGlobals) = postSolution
		SolutionGuid = {0545AE80-D7F5-4B3F-A6B7-EB8226B4C96A}
	EndGlobalSection
EndGlobal
